<?xml version="1.0" encoding="utf-8"?>
<Project ToolsVersion="4.0" xmlns="http://schemas.microsoft.com/developer/msbuild/2003">
  <ItemGroup>
    <Filter Include="Source Files">
      <UniqueIdentifier>{4FC737F1-C7A5-4376-A066-2A32D752A2FF}</UniqueIdentifier>
      <Extensions>cpp;c;cc;cxx;c++;cppm;ixx;def;odl;idl;hpj;bat;asm;asmx</Extensions>
    </Filter>
    <Filter Include="Header Files">
      <UniqueIdentifier>{93995380-89BD-4b04-88EB-625FBE52EBFB}</UniqueIdentifier>
      <Extensions>h;hh;hpp;hxx;h++;hm;inl;inc;ipp;xsd</Extensions>
    </Filter>
    <Filter Include="Resource Files">
      <UniqueIdentifier>{67DA6AB6-F800-4c08-8B7A-83BB121AAD01}</UniqueIdentifier>
      <Extensions>rc;ico;cur;bmp;dlg;rc2;rct;bin;rgs;gif;jpg;jpeg;jpe;resx;tiff;tif;png;wav;mfcribbon-ms</Extensions>
    </Filter>
  </ItemGroup>
  <ItemGroup>
    <ClCompile Include="dllmain.cpp">
      <Filter>Source Files</Filter>
    </ClCompile>
    <ClCompile Include="hooks\WindowProc.cpp">
      <Filter>Source Files</Filter>
    </ClCompile>
    <ClCompile Include="hooks\Present.cpp">
      <Filter>Source Files</Filter>
    </ClCompile>
    <ClCompile Include="hooks\hooks.cpp">
      <Filter>Source Files</Filter>
    </ClCompile>
    <ClCompile Include="gsf_client.cpp">
      <Filter>Source Files</Filter>
    </ClCompile>
    <ClCompile Include="script.cpp">
      <Filter>Source Files</Filter>
    </ClCompile>
    <ClCompile Include="script_manager.cpp">
      <Filter>Source Files</Filter>
    </ClCompile>
    <ClCompile Include="helpers\imgui_prompts.cpp">
      <Filter>Source Files</Filter>
    </ClCompile>
    <ClCompile Include="hooks\Draw.cpp">
      <Filter>Source Files</Filter>
    </ClCompile>
    <ClCompile Include="hooks\DrawIndexed.cpp">
      <Filter>Source Files</Filter>
    </ClCompile>
    <ClCompile Include="hooks\ShowCursor.cpp">
      <Filter>Source Files</Filter>
    </ClCompile>
    <ClCompile Include="game.cpp">
      <Filter>Source Files</Filter>
    </ClCompile>
    <ClCompile Include="api\api_gsf.cpp">
      <Filter>Source Files</Filter>
    </ClCompile>
    <ClCompile Include="api\api_win.cpp">
      <Filter>Source Files</Filter>
    </ClCompile>
    <ClCompile Include="api\api_mem.cpp">
      <Filter>Source Files</Filter>
    </ClCompile>
    <ClCompile Include="api\api_imgui.cpp">
      <Filter>Source Files</Filter>
    </ClCompile>
    <ClCompile Include="api\api_game.cpp">
      <Filter>Source Files</Filter>
    </ClCompile>
    <ClCompile Include="menu\menu.cpp">
      <Filter>Source Files</Filter>
    </ClCompile>
    <ClCompile Include="hooks\UnityEngine_Cursor_set_lockState.cpp">
      <Filter>Source Files</Filter>
    </ClCompile>
    <ClCompile Include="hooks\UnityEngine_Cursor_set_visible.cpp">
      <Filter>Source Files</Filter>
    </ClCompile>
    <ClCompile Include="menu\tab_scripts.cpp">
      <Filter>Source Files</Filter>
    </ClCompile>
    <ClCompile Include="menu\tab_about.cpp">
      <Filter>Source Files</Filter>
    </ClCompile>
    <ClCompile Include="menu\tab_logs.cpp">
      <Filter>Source Files</Filter>
    </ClCompile>
    <ClCompile Include="log_manager.cpp">
      <Filter>Source Files</Filter>
    </ClCompile>
    <ClCompile Include="menu\tab_misc.cpp">
      <Filter>Source Files</Filter>
    </ClCompile>
    <ClCompile Include="hooks\UnityEngine_JsonUtility_ToJson.cpp">
      <Filter>Source Files</Filter>
    </ClCompile>
    <ClCompile Include="hooks\UnityEngine_JsonUtility_FromJson.cpp">
      <Filter>Source Files</Filter>
    </ClCompile>
    <ClCompile Include="hooks\UnityEngine_Input_GetButton.cpp">
      <Filter>Source Files</Filter>
    </ClCompile>
    <ClCompile Include="hooks\UnityEngine_Input_GetAxisRaw.cpp">
      <Filter>Source Files</Filter>
    </ClCompile>
    <ClCompile Include="hooks\ResizeBuffers.cpp">
      <Filter>Source Files</Filter>
    </ClCompile>
    <ClCompile Include="api\api_controls.cpp">
      <Filter>Source Files</Filter>
    </ClCompile>
    <ClCompile Include="callback_manager.cpp">
      <Filter>Source Files</Filter>
    </ClCompile>
    <ClCompile Include="hooks\UnityEngine_Animator_get_speed.cpp">
      <Filter>Source Files</Filter>
    </ClCompile>
  </ItemGroup>
  <ItemGroup>
    <ClInclude Include="global.h">
      <Filter>Header Files</Filter>
    </ClInclude>
    <ClInclude Include="hooks\hooks.h">
      <Filter>Header Files</Filter>
    </ClInclude>
    <ClInclude Include="gsf_client.h">
      <Filter>Header Files</Filter>
    </ClInclude>
    <ClInclude Include="script.h">
      <Filter>Header Files</Filter>
    </ClInclude>
    <ClInclude Include="script_manager.h">
      <Filter>Header Files</Filter>
    </ClInclude>
    <ClInclude Include="helpers\imgui_prompts.h">
      <Filter>Header Files</Filter>
    </ClInclude>
    <ClInclude Include="game.h">
      <Filter>Header Files</Filter>
    </ClInclude>
    <ClInclude Include="sdk\structures.h">
      <Filter>Header Files</Filter>
    </ClInclude>
    <ClInclude Include="api\i_api.h">
      <Filter>Header Files</Filter>
    </ClInclude>
    <ClInclude Include="api\api_gsf.h">
      <Filter>Header Files</Filter>
    </ClInclude>
    <ClInclude Include="api\api_win.h">
      <Filter>Header Files</Filter>
    </ClInclude>
    <ClInclude Include="api\api_mem.h">
      <Filter>Header Files</Filter>
    </ClInclude>
    <ClInclude Include="api\api_imgui.h">
      <Filter>Header Files</Filter>
    </ClInclude>
    <ClInclude Include="api\api_game.h">
      <Filter>Header Files</Filter>
    </ClInclude>
    <ClInclude Include="api\script_apis.h">
      <Filter>Header Files</Filter>
    </ClInclude>
    <ClInclude Include="menu\menu.h">
      <Filter>Header Files</Filter>
    </ClInclude>
    <ClInclude Include="sdk\sdk.h">
      <Filter>Header Files</Filter>
    </ClInclude>
    <ClInclude Include="menu\tab_scripts.h">
      <Filter>Header Files</Filter>
    </ClInclude>
    <ClInclude Include="menu\tab_about.h">
      <Filter>Header Files</Filter>
    </ClInclude>
    <ClInclude Include="menu\tab_logs.h">
      <Filter>Header Files</Filter>
    </ClInclude>
    <ClInclude Include="log_manager.h">
      <Filter>Header Files</Filter>
    </ClInclude>
    <ClInclude Include="menu\tab_misc.h">
      <Filter>Header Files</Filter>
    </ClInclude>
    <ClInclude Include="sdk\il2cpp\il2cpp.h">
      <Filter>Header Files</Filter>
    </ClInclude>
    <ClInclude Include="sdk\unity\unity.h">
      <Filter>Header Files</Filter>
    </ClInclude>
    <ClInclude Include="api\api_controls.h">
      <Filter>Header Files</Filter>
    </ClInclude>
    <ClInclude Include="callback_manager.h">
      <Filter>Header Files</Filter>
    </ClInclude>
    <ClInclude Include="sdk\unity\unity_scripting_api.h">
      <Filter>Header Files</Filter>
    </ClInclude>
    <ClInclude Include="sdk\unity\enums.h">
      <Filter>Header Files</Filter>
    </ClInclude>
    <ClInclude Include="sdk\unity\unity_object.h">
      <Filter>Header Files</Filter>
    </ClInclude>
    <ClInclude Include="sdk\unity\unity_component.h">
      <Filter>Header Files</Filter>
    </ClInclude>
    <ClInclude Include="sdk\unity\unity_transform.h">
      <Filter>Header Files</Filter>
    </ClInclude>
    <ClInclude Include="sdk\unity\unity_vector3.h">
      <Filter>Header Files</Filter>
    </ClInclude>
    <ClInclude Include="sdk\unity\unity_camera.h">
      <Filter>Header Files</Filter>
    </ClInclude>
    <ClInclude Include="sdk\unity\unity_animator.h">
      <Filter>Header Files</Filter>
    </ClInclude>
    <ClInclude Include="sdk\unity\unity_cursor.h">
      <Filter>Header Files</Filter>
    </ClInclude>
    <ClInclude Include="sdk\unity\unity_primitive_types.h">
      <Filter>Header Files</Filter>
    </ClInclude>
    <ClInclude Include="sdk\unity\unity_jsonutility.h">
      <Filter>Header Files</Filter>
    </ClInclude>
    <ClInclude Include="sdk\unity\unity_input.h">
      <Filter>Header Files</Filter>
    </ClInclude>
  </ItemGroup>
  <ItemGroup>
    <None Include="cpp.hint" />
  </ItemGroup>
</Project>